Microsoft Visual Studio Solution File, Format Version 12.00
# Visual Studio Version 17
VisualStudioVersion = 17.5.2.0
MinimumVisualStudioVersion = 10.0.40219.1
Project("{FAE04EC0-301F-11D3-BF4B-00C04F79EFBC}") = "labb 3 databas", "labb 3 databas.csproj", "{6C632E9C-F510-0F31-0558-BAD1A1CFBE4C}"
EndProject
Global
	GlobalSection(SolutionConfigurationPlatforms) = preSolution
		Debug|Any CPU = Debug|Any CPU
		Release|Any CPU = Release|Any CPU
	EndGlobalSection
	GlobalSection(ProjectConfigurationPlatforms) = postSolution
		{6C632E9C-F510-0F31-0558-BAD1A1CFBE4C}.Debug|Any CPU.ActiveCfg = Debug|Any CPU
		{6C632E9C-F510-0F31-0558-BAD1A1CFBE4C}.Debug|Any CPU.Build.0 = Debug|Any CPU
		{6C632E9C-F510-0F31-0558-BAD1A1CFBE4C}.Release|Any CPU.ActiveCfg = Release|Any CPU
		{6C632E9C-F510-0F31-0558-BAD1A1CFBE4C}.Release|Any CPU.Build.0 = Release|Any CPU
	EndGlobalSection
	GlobalSection(SolutionProperties) = preSolution
		HideSolutionNode = FALSE
	EndGlobalSection
	GlobalSection(ExtensibilityGlobals) = postSolution
		SolutionGuid = {B2358AB6-9C89-4A91-AAA8-5B2136F98DA3}
	EndGlobalSection
EndGlobal
